
Microsoft Visual Studio Solution File, Format Version 11.00
# Visual Studio 2010
Project("{8BC9CEB8-8B4A-11D0-8D11-00A0C91BC942}") = "dataMaker", "dataMaker\dataMaker.vcxproj", "{745D5F30-C0AD-4351-BE8F-F91FA8D073DF}"
EndProject
Global
	GlobalSection(SolutionConfigurationPlatforms) = preSolution
		Debug|Win32 = Debug|Win32
		Release|Win32 = Release|Win32
	EndGlobalSection
	GlobalSection(ProjectConfigurationPlatforms) = postSolution
		{745D5F30-C0AD-4351-BE8F-F91FA8D073DF}.Debug|Win32.ActiveCfg = Debug|Win32
		{745D5F30-C0AD-4351-BE8F-F91FA8D073DF}.Debug|Win32.Build.0 = Debug|Win32
		{745D5F30-C0AD-4351-BE8F-F91FA8D073DF}.Release|Win32.ActiveCfg = Release|Win32
		{745D5F30-C0AD-4351-BE8F-F91FA8D073DF}.Release|Win32.Build.0 = Release|Win32
	EndGlobalSection
	GlobalSection(SolutionProperties) = preSolution
		HideSolutionNode = FALSE
	EndGlobalSection
EndGlobal
